// !$*UTF8*$!
{
	archiveVersion = 1;
	classes = {
	};
	objectVersion = 77;
	objects = {

/* Begin PBXBuildFile section */
		F5C5DFAC2D424B07007D335A /* SwiftyMocky in Frameworks */ = {isa = PBXBuildFile; productRef = F5C5DFAB2D424B07007D335A /* SwiftyMocky */; };
		F5C5DFAE2D424B07007D335A /* SwiftyPrototype in Frameworks */ = {isa = PBXBuildFile; productRef = F5C5DFAD2D424B07007D335A /* SwiftyPrototype */; };
		F5C5DFB02D424B07007D335A /* swiftymocky in Frameworks */ = {isa = PBXBuildFile; productRef = F5C5DFAF2D424B07007D335A /* swiftymocky */; };
/* End PBXBuildFile section */

/* Begin PBXContainerItemProxy section */
		F579850B2D10366C00D2EC95 /* PBXContainerItemProxy */ = {
			isa = PBXContainerItemProxy;
			containerPortal = F57984F22D10366A00D2EC95 /* Project object */;
			proxyType = 1;
			remoteGlobalIDString = F57984F92D10366A00D2EC95;
			remoteInfo = "nooro-weatherApp";
		};
		F57985152D10366C00D2EC95 /* PBXContainerItemProxy */ = {
			isa = PBXContainerItemProxy;
			containerPortal = F57984F22D10366A00D2EC95 /* Project object */;
			proxyType = 1;
			remoteGlobalIDString = F57984F92D10366A00D2EC95;
			remoteInfo = "nooro-weatherApp";
		};
/* End PBXContainerItemProxy section */

/* Begin PBXFileReference section */
		F57984FA2D10366A00D2EC95 /* nooro-weatherApp.app */ = {isa = PBXFileReference; explicitFileType = wrapper.application; includeInIndex = 0; path = "nooro-weatherApp.app"; sourceTree = BUILT_PRODUCTS_DIR; };
		F579850A2D10366C00D2EC95 /* nooro-weatherAppTests.xctest */ = {isa = PBXFileReference; explicitFileType = wrapper.cfbundle; includeInIndex = 0; path = "nooro-weatherAppTests.xctest"; sourceTree = BUILT_PRODUCTS_DIR; };
		F57985142D10366C00D2EC95 /* nooro-weatherAppUITests.xctest */ = {isa = PBXFileReference; explicitFileType = wrapper.cfbundle; includeInIndex = 0; path = "nooro-weatherAppUITests.xctest"; sourceTree = BUILT_PRODUCTS_DIR; };
/* End PBXFileReference section */

/* Begin PBXFileSystemSynchronizedBuildFileExceptionSet section */
		F57985D12D11712200D2EC95 /* Exceptions for "nooro-weatherApp" folder in "nooro-weatherApp" target */ = {
			isa = PBXFileSystemSynchronizedBuildFileExceptionSet;
			membershipExceptions = (
				Info.plist,
			);
			target = F57984F92D10366A00D2EC95 /* nooro-weatherApp */;
		};
/* End PBXFileSystemSynchronizedBuildFileExceptionSet section */

/* Begin PBXFileSystemSynchronizedRootGroup section */
		F57984FC2D10366A00D2EC95 /* nooro-weatherApp */ = {
			isa = PBXFileSystemSynchronizedRootGroup;
			exceptions = (
				F57985D12D11712200D2EC95 /* Exceptions for "nooro-weatherApp" folder in "nooro-weatherApp" target */,
			);
			path = "nooro-weatherApp";
			sourceTree = "<group>";
		};
		F579850D2D10366C00D2EC95 /* nooro-weatherAppTests */ = {
			isa = PBXFileSystemSynchronizedRootGroup;
			path = "nooro-weatherAppTests";
			sourceTree = "<group>";
		};
		F57985172D10366C00D2EC95 /* nooro-weatherAppUITests */ = {
			isa = PBXFileSystemSynchronizedRootGroup;
			path = "nooro-weatherAppUITests";
			sourceTree = "<group>";
		};
/* End PBXFileSystemSynchronizedRootGroup section */

/* Begin PBXFrameworksBuildPhase section */
		F57984F72D10366A00D2EC95 /* Frameworks */ = {
			isa = PBXFrameworksBuildPhase;
			buildActionMask = 2147483647;
			files = (
			);
			runOnlyForDeploymentPostprocessing = 0;
		};
		F57985072D10366C00D2EC95 /* Frameworks */ = {
			isa = PBXFrameworksBuildPhase;
			buildActionMask = 2147483647;
			files = (
				F5C5DFAC2D424B07007D335A /* SwiftyMocky in Frameworks */,
				F5C5DFB02D424B07007D335A /* swiftymocky in Frameworks */,
				F5C5DFAE2D424B07007D335A /* SwiftyPrototype in Frameworks */,
			);
			runOnlyForDeploymentPostprocessing = 0;
		};
		F57985112D10366C00D2EC95 /* Frameworks */ = {
			isa = PBXFrameworksBuildPhase;
			buildActionMask = 2147483647;
			files = (
			);
			runOnlyForDeploymentPostprocessing = 0;
		};
/* End PBXFrameworksBuildPhase section */

/* Begin PBXGroup section */
		F57984F12D10366A00D2EC95 = {
			isa = PBXGroup;
			children = (
				F57984FC2D10366A00D2EC95 /* nooro-weatherApp */,
				F579850D2D10366C00D2EC95 /* nooro-weatherAppTests */,
				F57985172D10366C00D2EC95 /* nooro-weatherAppUITests */,
				F57984FB2D10366A00D2EC95 /* Products */,
			);
			sourceTree = "<group>";
		};
		F57984FB2D10366A00D2EC95 /* Products */ = {
			isa = PBXGroup;
			children = (
				F57984FA2D10366A00D2EC95 /* nooro-weatherApp.app */,
				F579850A2D10366C00D2EC95 /* nooro-weatherAppTests.xctest */,
				F57985142D10366C00D2EC95 /* nooro-weatherAppUITests.xctest */,
			);
			name = Products;
			sourceTree = "<group>";
		};
/* End PBXGroup section */

/* Begin PBXNativeTarget section */
		F57984F92D10366A00D2EC95 /* nooro-weatherApp */ = {
			isa = PBXNativeTarget;
			buildConfigurationList = F579851E2D10366C00D2EC95 /* Build configuration list for PBXNativeTarget "nooro-weatherApp" */;
			buildPhases = (
				F57984F62D10366A00D2EC95 /* Sources */,
				F57984F72D10366A00D2EC95 /* Frameworks */,
				F57984F82D10366A00D2EC95 /* Resources */,
			);
			buildRules = (
			);
			dependencies = (
			);
			fileSystemSynchronizedGroups = (
				F57984FC2D10366A00D2EC95 /* nooro-weatherApp */,
			);
			name = "nooro-weatherApp";
			packageProductDependencies = (
			);
			productName = "nooro-weatherApp";
			productReference = F57984FA2D10366A00D2EC95 /* nooro-weatherApp.app */;
			productType = "com.apple.product-type.application";
		};
		F57985092D10366C00D2EC95 /* nooro-weatherAppTests */ = {
			isa = PBXNativeTarget;
			buildConfigurationList = F57985212D10366C00D2EC95 /* Build configuration list for PBXNativeTarget "nooro-weatherAppTests" */;
			buildPhases = (
				F57985062D10366C00D2EC95 /* Sources */,
				F57985072D10366C00D2EC95 /* Frameworks */,
				F57985082D10366C00D2EC95 /* Resources */,
			);
			buildRules = (
			);
			dependencies = (
				F579850C2D10366C00D2EC95 /* PBXTargetDependency */,
			);
			fileSystemSynchronizedGroups = (
				F579850D2D10366C00D2EC95 /* nooro-weatherAppTests */,
			);
			name = "nooro-weatherAppTests";
			packageProductDependencies = (
				F5C5DFAB2D424B07007D335A /* SwiftyMocky */,
				F5C5DFAD2D424B07007D335A /* SwiftyPrototype */,
				F5C5DFAF2D424B07007D335A /* swiftymocky */,
			);
			productName = "nooro-weatherAppTests";
			productReference = F579850A2D10366C00D2EC95 /* nooro-weatherAppTests.xctest */;
			productType = "com.apple.product-type.bundle.unit-test";
		};
		F57985132D10366C00D2EC95 /* nooro-weatherAppUITests */ = {
			isa = PBXNativeTarget;
			buildConfigurationList = F57985242D10366C00D2EC95 /* Build configuration list for PBXNativeTarget "nooro-weatherAppUITests" */;
			buildPhases = (
				F57985102D10366C00D2EC95 /* Sources */,
				F57985112D10366C00D2EC95 /* Frameworks */,
				F57985122D10366C00D2EC95 /* Resources */,
			);
			buildRules = (
			);
			dependencies = (
				F57985162D10366C00D2EC95 /* PBXTargetDependency */,
			);
			fileSystemSynchronizedGroups = (
				F57985172D10366C00D2EC95 /* nooro-weatherAppUITests */,
			);
			name = "nooro-weatherAppUITests";
			packageProductDependencies = (
			);
			productName = "nooro-weatherAppUITests";
			productReference = F57985142D10366C00D2EC95 /* nooro-weatherAppUITests.xctest */;
			productType = "com.apple.product-type.bundle.ui-testing";
		};
/* End PBXNativeTarget section */

/* Begin PBXProject section */
		F57984F22D10366A00D2EC95 /* Project object */ = {
			isa = PBXProject;
			attributes = {
				BuildIndependentTargetsInParallel = 1;
				LastSwiftUpdateCheck = 1620;
				LastUpgradeCheck = 1620;
				TargetAttributes = {
					F57984F92D10366A00D2EC95 = {
						CreatedOnToolsVersion = 16.2;
					};
					F57985092D10366C00D2EC95 = {
						CreatedOnToolsVersion = 16.2;
						TestTargetID = F57984F92D10366A00D2EC95;
					};
					F57985132D10366C00D2EC95 = {
						CreatedOnToolsVersion = 16.2;
						TestTargetID = F57984F92D10366A00D2EC95;
					};
				};
			};
			buildConfigurationList = F57984F52D10366A00D2EC95 /* Build configuration list for PBXProject "nooro-weatherApp" */;
			developmentRegion = en;
			hasScannedForEncodings = 0;
			knownRegions = (
				en,
				Base,
			);
			mainGroup = F57984F12D10366A00D2EC95;
			minimizedProjectReferenceProxies = 1;
			packageReferences = (
				F5C5DFAA2D424B07007D335A /* XCRemoteSwiftPackageReference "SwiftyMocky" */,
			);
			preferredProjectObjectVersion = 77;
			productRefGroup = F57984FB2D10366A00D2EC95 /* Products */;
			projectDirPath = "";
			projectRoot = "";
			targets = (
				F57984F92D10366A00D2EC95 /* nooro-weatherApp */,
				F57985092D10366C00D2EC95 /* nooro-weatherAppTests */,
				F57985132D10366C00D2EC95 /* nooro-weatherAppUITests */,
			);
		};
/* End PBXProject section */

/* Begin PBXResourcesBuildPhase section */
		F57984F82D10366A00D2EC95 /* Resources */ = {
			isa = PBXResourcesBuildPhase;
			buildActionMask = 2147483647;
			files = (
			);
			runOnlyForDeploymentPostprocessing = 0;
		};
		F57985082D10366C00D2EC95 /* Resources */ = {
			isa = PBXResourcesBuildPhase;
			buildActionMask = 2147483647;
			files = (
			);
			runOnlyForDeploymentPostprocessing = 0;
		};
		F57985122D10366C00D2EC95 /* Resources */ = {
			isa = PBXResourcesBuildPhase;
			buildActionMask = 2147483647;
			files = (
			);
			runOnlyForDeploymentPostprocessing = 0;
		};
/* End PBXResourcesBuildPhase section */

/* Begin PBXSourcesBuildPhase section */
		F57984F62D10366A00D2EC95 /* Sources */ = {
			isa = PBXSourcesBuildPhase;
			buildActionMask = 2147483647;
			files = (
			);
			runOnlyForDeploymentPostprocessing = 0;
		};
		F57985062D10366C00D2EC95 /* Sources */ = {
			isa = PBXSourcesBuildPhase;
			buildActionMask = 2147483647;
			files = (
			);
			runOnlyForDeploymentPostprocessing = 0;
		};
		F57985102D10366C00D2EC95 /* Sources */ = {
			isa = PBXSourcesBuildPhase;
			buildActionMask = 2147483647;
			files = (
			);
			runOnlyForDeploymentPostprocessing = 0;
		};
/* End PBXSourcesBuildPhase section */

/* Begin PBXTargetDependency section */
		F579850C2D10366C00D2EC95 /* PBXTargetDependency */ = {
			isa = PBXTargetDependency;
			target = F57984F92D10366A00D2EC95 /* nooro-weatherApp */;
			targetProxy = F579850B2D10366C00D2EC95 /* PBXContainerItemProxy */;
		};
		F57985162D10366C00D2EC95 /* PBXTargetDependency */ = {
			isa = PBXTargetDependency;
			target = F57984F92D10366A00D2EC95 /* nooro-weatherApp */;
			targetProxy = F57985152D10366C00D2EC95 /* PBXContainerItemProxy */;
		};
/* End PBXTargetDependency section */

/* Begin XCBuildConfiguration section */
		F579851C2D10366C00D2EC95 /* Debug */ = {
			isa = XCBuildConfiguration;
			buildSettings = {
				ALWAYS_SEARCH_USER_PATHS = NO;
				ASSETCATALOG_COMPILER_GENERATE_SWIFT_ASSET_SYMBOL_EXTENSIONS = YES;
				CLANG_ANALYZER_NONNULL = YES;
				CLANG_ANALYZER_NUMBER_OBJECT_CONVERSION = YES_AGGRESSIVE;
				CLANG_CXX_LANGUAGE_STANDARD = "gnu++20";
				CLANG_ENABLE_MODULES = YES;
				CLANG_ENABLE_OBJC_ARC = YES;
				CLANG_ENABLE_OBJC_WEAK = YES;
				CLANG_WARN_BLOCK_CAPTURE_AUTORELEASING = YES;
				CLANG_WARN_BOOL_CONVERSION = YES;
				CLANG_WARN_COMMA = YES;
				CLANG_WARN_CONSTANT_CONVERSION = YES;
				CLANG_WARN_DEPRECATED_OBJC_IMPLEMENTATIONS = YES;
				CLANG_WARN_DIRECT_OBJC_ISA_USAGE = YES_ERROR;
				CLANG_WARN_DOCUMENTATION_COMMENTS = YES;
				CLANG_WARN_EMPTY_BODY = YES;
				CLANG_WARN_ENUM_CONVERSION = YES;
				CLANG_WARN_INFINITE_RECURSION = YES;
				CLANG_WARN_INT_CONVERSION = YES;
				CLANG_WARN_NON_LITERAL_NULL_CONVERSION = YES;
				CLANG_WARN_OBJC_IMPLICIT_RETAIN_SELF = YES;
				CLANG_WARN_OBJC_LITERAL_CONVERSION = YES;
				CLANG_WARN_OBJC_ROOT_CLASS = YES_ERROR;
				CLANG_WARN_QUOTED_INCLUDE_IN_FRAMEWORK_HEADER = YES;
				CLANG_WARN_RANGE_LOOP_ANALYSIS = YES;
				CLANG_WARN_STRICT_PROTOTYPES = YES;
				CLANG_WARN_SUSPICIOUS_MOVE = YES;
				CLANG_WARN_UNGUARDED_AVAILABILITY = YES_AGGRESSIVE;
				CLANG_WARN_UNREACHABLE_CODE = YES;
				CLANG_WARN__DUPLICATE_METHOD_MATCH = YES;
				COPY_PHASE_STRIP = NO;
				DEBUG_INFORMATION_FORMAT = dwarf;
				ENABLE_STRICT_OBJC_MSGSEND = YES;
				ENABLE_TESTABILITY = YES;
				ENABLE_USER_SCRIPT_SANDBOXING = YES;
				GCC_C_LANGUAGE_STANDARD = gnu17;
				GCC_DYNAMIC_NO_PIC = NO;
				GCC_NO_COMMON_BLOCKS = YES;
				GCC_OPTIMIZATION_LEVEL = 0;
				GCC_PREPROCESSOR_DEFINITIONS = (
					"DEBUG=1",
					"$(inherited)",
				);
				GCC_WARN_64_TO_32_BIT_CONVERSION = YES;
				GCC_WARN_ABOUT_RETURN_TYPE = YES_ERROR;
				GCC_WARN_UNDECLARED_SELECTOR = YES;
				GCC_WARN_UNINITIALIZED_AUTOS = YES_AGGRESSIVE;
				GCC_WARN_UNUSED_FUNCTION = YES;
				GCC_WARN_UNUSED_VARIABLE = YES;
				IPHONEOS_DEPLOYMENT_TARGET = 18.2;
				LOCALIZATION_PREFERS_STRING_CATALOGS = YES;
				MTL_ENABLE_DEBUG_INFO = INCLUDE_SOURCE;
				MTL_FAST_MATH = YES;
				ONLY_ACTIVE_ARCH = YES;
				SDKROOT = iphoneos;
				SWIFT_ACTIVE_COMPILATION_CONDITIONS = "DEBUG $(inherited)";
				SWIFT_OPTIMIZATION_LEVEL = "-Onone";
			};
			name = Debug;
		};
		F579851D2D10366C00D2EC95 /* Release */ = {
			isa = XCBuildConfiguration;
			buildSettings = {
				ALWAYS_SEARCH_USER_PATHS = NO;
				ASSETCATALOG_COMPILER_GENERATE_SWIFT_ASSET_SYMBOL_EXTENSIONS = YES;
				CLANG_ANALYZER_NONNULL = YES;
				CLANG_ANALYZER_NUMBER_OBJECT_CONVERSION = YES_AGGRESSIVE;
				CLANG_CXX_LANGUAGE_STANDARD = "gnu++20";
				CLANG_ENABLE_MODULES = YES;
				CLANG_ENABLE_OBJC_ARC = YES;
				CLANG_ENABLE_OBJC_WEAK = YES;
				CLANG_WARN_BLOCK_CAPTURE_AUTORELEASING = YES;
				CLANG_WARN_BOOL_CONVERSION = YES;
				CLANG_WARN_COMMA = YES;
				CLANG_WARN_CONSTANT_CONVERSION = YES;
				CLANG_WARN_DEPRECATED_OBJC_IMPLEMENTATIONS = YES;
				CLANG_WARN_DIRECT_OBJC_ISA_USAGE = YES_ERROR;
				CLANG_WARN_DOCUMENTATION_COMMENTS = YES;
				CLANG_WARN_EMPTY_BODY = YES;
				CLANG_WARN_ENUM_CONVERSION = YES;
				CLANG_WARN_INFINITE_RECURSION = YES;
				CLANG_WARN_INT_CONVERSION = YES;
				CLANG_WARN_NON_LITERAL_NULL_CONVERSION = YES;
				CLANG_WARN_OBJC_IMPLICIT_RETAIN_SELF = YES;
				CLANG_WARN_OBJC_LITERAL_CONVERSION = YES;
				CLANG_WARN_OBJC_ROOT_CLASS = YES_ERROR;
				CLANG_WARN_QUOTED_INCLUDE_IN_FRAMEWORK_HEADER = YES;
				CLANG_WARN_RANGE_LOOP_ANALYSIS = YES;
				CLANG_WARN_STRICT_PROTOTYPES = YES;
				CLANG_WARN_SUSPICIOUS_MOVE = YES;
				CLANG_WARN_UNGUARDED_AVAILABILITY = YES_AGGRESSIVE;
				CLANG_WARN_UNREACHABLE_CODE = YES;
				CLANG_WARN__DUPLICATE_METHOD_MATCH = YES;
				COPY_PHASE_STRIP = NO;
				DEBUG_INFORMATION_FORMAT = "dwarf-with-dsym";
				ENABLE_NS_ASSERTIONS = NO;
				ENABLE_STRICT_OBJC_MSGSEND = YES;
				ENABLE_USER_SCRIPT_SANDBOXING = YES;
				GCC_C_LANGUAGE_STANDARD = gnu17;
				GCC_NO_COMMON_BLOCKS = YES;
				GCC_WARN_64_TO_32_BIT_CONVERSION = YES;
				GCC_WARN_ABOUT_RETURN_TYPE = YES_ERROR;
				GCC_WARN_UNDECLARED_SELECTOR = YES;
				GCC_WARN_UNINITIALIZED_AUTOS = YES_AGGRESSIVE;
				GCC_WARN_UNUSED_FUNCTION = YES;
				GCC_WARN_UNUSED_VARIABLE = YES;
				IPHONEOS_DEPLOYMENT_TARGET = 18.2;
				LOCALIZATION_PREFERS_STRING_CATALOGS = YES;
				MTL_ENABLE_DEBUG_INFO = NO;
				MTL_FAST_MATH = YES;
				SDKROOT = iphoneos;
				SWIFT_COMPILATION_MODE = wholemodule;
				VALIDATE_PRODUCT = YES;
			};
			name = Release;
		};
		F579851F2D10366C00D2EC95 /* Debug */ = {
			isa = XCBuildConfiguration;
			buildSettings = {
				ASSETCATALOG_COMPILER_APPICON_NAME = AppIcon;
				ASSETCATALOG_COMPILER_GLOBAL_ACCENT_COLOR_NAME = AccentColor;
				CODE_SIGN_STYLE = Automatic;
				CURRENT_PROJECT_VERSION = 1;
				DEVELOPMENT_ASSET_PATHS = "\"nooro-weatherApp/Preview Content\"";
				ENABLE_PREVIEWS = YES;
				GENERATE_INFOPLIST_FILE = YES;
				INFOPLIST_FILE = "nooro-weatherApp/Info.plist";
				INFOPLIST_KEY_UIApplicationSceneManifest_Generation = YES;
				INFOPLIST_KEY_UIApplicationSupportsIndirectInputEvents = YES;
				INFOPLIST_KEY_UILaunchScreen_Generation = YES;
				INFOPLIST_KEY_UISupportedInterfaceOrientations_iPad = "UIInterfaceOrientationPortrait UIInterfaceOrientationPortraitUpsideDown UIInterfaceOrientationLandscapeLeft UIInterfaceOrientationLandscapeRight";
				INFOPLIST_KEY_UISupportedInterfaceOrientations_iPhone = "UIInterfaceOrientationPortrait UIInterfaceOrientationLandscapeLeft UIInterfaceOrientationLandscapeRight";
				IPHONEOS_DEPLOYMENT_TARGET = 17.6;
				LD_RUNPATH_SEARCH_PATHS = (
					"$(inherited)",
					"@executable_path/Frameworks",
				);
				MARKETING_VERSION = 1.0;
				PRODUCT_BUNDLE_IDENTIFIER = "com.abc.nooro-weatherApp";
				PRODUCT_NAME = "$(TARGET_NAME)";
				SWIFT_EMIT_LOC_STRINGS = YES;
				SWIFT_VERSION = 5.0;
				TARGETED_DEVICE_FAMILY = "1,2";
			};
			name = Debug;
		};
		F57985202D10366C00D2EC95 /* Release */ = {
			isa = XCBuildConfiguration;
			buildSettings = {
				ASSETCATALOG_COMPILER_APPICON_NAME = AppIcon;
				ASSETCATALOG_COMPILER_GLOBAL_ACCENT_COLOR_NAME = AccentColor;
				CODE_SIGN_STYLE = Automatic;
				CURRENT_PROJECT_VERSION = 1;
				DEVELOPMENT_ASSET_PATHS = "\"nooro-weatherApp/Preview Content\"";
				ENABLE_PREVIEWS = YES;
				GENERATE_INFOPLIST_FILE = YES;
				INFOPLIST_FILE = "nooro-weatherApp/Info.plist";
				INFOPLIST_KEY_UIApplicationSceneManifest_Generation = YES;
				INFOPLIST_KEY_UIApplicationSupportsIndirectInputEvents = YES;
				INFOPLIST_KEY_UILaunchScreen_Generation = YES;
				INFOPLIST_KEY_UISupportedInterfaceOrientations_iPad = "UIInterfaceOrientationPortrait UIInterfaceOrientationPortraitUpsideDown UIInterfaceOrientationLandscapeLeft UIInterfaceOrientationLandscapeRight";
				INFOPLIST_KEY_UISupportedInterfaceOrientations_iPhone = "UIInterfaceOrientationPortrait UIInterfaceOrientationLandscapeLeft UIInterfaceOrientationLandscapeRight";
				IPHONEOS_DEPLOYMENT_TARGET = 17.6;
				LD_RUNPATH_SEARCH_PATHS = (
					"$(inherited)",
					"@executable_path/Frameworks",
				);
				MARKETING_VERSION = 1.0;
				PRODUCT_BUNDLE_IDENTIFIER = "com.abc.nooro-weatherApp";
				PRODUCT_NAME = "$(TARGET_NAME)";
				SWIFT_EMIT_LOC_STRINGS = YES;
				SWIFT_VERSION = 5.0;
				TARGETED_DEVICE_FAMILY = "1,2";
			};
			name = Release;
		};
		F57985222D10366C00D2EC95 /* Debug */ = {
			isa = XCBuildConfiguration;
			buildSettings = {
				BUNDLE_LOADER = "$(TEST_HOST)";
				CODE_SIGN_STYLE = Automatic;
				CURRENT_PROJECT_VERSION = 1;
				GENERATE_INFOPLIST_FILE = YES;
				IPHONEOS_DEPLOYMENT_TARGET = 17.6;
				MARKETING_VERSION = 1.0;
				PRODUCT_BUNDLE_IDENTIFIER = "com.abc.nooro-weatherAppTests";
				PRODUCT_NAME = "$(TARGET_NAME)";
				SWIFT_EMIT_LOC_STRINGS = NO;
				SWIFT_VERSION = 5.0;
				TARGETED_DEVICE_FAMILY = "1,2";
				TEST_HOST = "$(BUILT_PRODUCTS_DIR)/nooro-weatherApp.app/$(BUNDLE_EXECUTABLE_FOLDER_PATH)/nooro-weatherApp";
			};
			name = Debug;
		};
		F57985232D10366C00D2EC95 /* Release */ = {
			isa = XCBuildConfiguration;
			buildSettings = {
				BUNDLE_LOADER = "$(TEST_HOST)";
				CODE_SIGN_STYLE = Automatic;
				CURRENT_PROJECT_VERSION = 1;
				GENERATE_INFOPLIST_FILE = YES;
				IPHONEOS_DEPLOYMENT_TARGET = 17.6;
				MARKETING_VERSION = 1.0;
				PRODUCT_BUNDLE_IDENTIFIER = "com.abc.nooro-weatherAppTests";
				PRODUCT_NAME = "$(TARGET_NAME)";
				SWIFT_EMIT_LOC_STRINGS = NO;
				SWIFT_VERSION = 5.0;
				TARGETED_DEVICE_FAMILY = "1,2";
				TEST_HOST = "$(BUILT_PRODUCTS_DIR)/nooro-weatherApp.app/$(BUNDLE_EXECUTABLE_FOLDER_PATH)/nooro-weatherApp";
			};
			name = Release;
		};
		F57985252D10366C00D2EC95 /* Debug */ = {
			isa = XCBuildConfiguration;
			buildSettings = {
				CODE_SIGN_STYLE = Automatic;
				CURRENT_PROJECT_VERSION = 1;
				GENERATE_INFOPLIST_FILE = YES;
				MARKETING_VERSION = 1.0;
				PRODUCT_BUNDLE_IDENTIFIER = "com.abc.nooro-weatherAppUITests";
				PRODUCT_NAME = "$(TARGET_NAME)";
				SWIFT_EMIT_LOC_STRINGS = NO;
				SWIFT_VERSION = 5.0;
				TARGETED_DEVICE_FAMILY = "1,2";
				TEST_TARGET_NAME = "nooro-weatherApp";
			};
			name = Debug;
		};
		F57985262D10366C00D2EC95 /* Release */ = {
			isa = XCBuildConfiguration;
			buildSettings = {
				CODE_SIGN_STYLE = Automatic;
				CURRENT_PROJECT_VERSION = 1;
				GENERATE_INFOPLIST_FILE = YES;
				MARKETING_VERSION = 1.0;
				PRODUCT_BUNDLE_IDENTIFIER = "com.abc.nooro-weatherAppUITests";
				PRODUCT_NAME = "$(TARGET_NAME)";
				SWIFT_EMIT_LOC_STRINGS = NO;
				SWIFT_VERSION = 5.0;
				TARGETED_DEVICE_FAMILY = "1,2";
				TEST_TARGET_NAME = "nooro-weatherApp";
			};
			name = Release;
		};
/* End XCBuildConfiguration section */

/* Begin XCConfigurationList section */
		F57984F52D10366A00D2EC95 /* Build configuration list for PBXProject "nooro-weatherApp" */ = {
			isa = XCConfigurationList;
			buildConfigurations = (
				F579851C2D10366C00D2EC95 /* Debug */,
				F579851D2D10366C00D2EC95 /* Release */,
			);
			defaultConfigurationIsVisible = 0;
			defaultConfigurationName = Release;
		};
		F579851E2D10366C00D2EC95 /* Build configuration list for PBXNativeTarget "nooro-weatherApp" */ = {
			isa = XCConfigurationList;
			buildConfigurations = (
				F579851F2D10366C00D2EC95 /* Debug */,
				F57985202D10366C00D2EC95 /* Release */,
			);
			defaultConfigurationIsVisible = 0;
			defaultConfigurationName = Release;
		};
		F57985212D10366C00D2EC95 /* Build configuration list for PBXNativeTarget "nooro-weatherAppTests" */ = {
			isa = XCConfigurationList;
			buildConfigurations = (
				F57985222D10366C00D2EC95 /* Debug */,
				F57985232D10366C00D2EC95 /* Release */,
			);
			defaultConfigurationIsVisible = 0;
			defaultConfigurationName = Release;
		};
		F57985242D10366C00D2EC95 /* Build configuration list for PBXNativeTarget "nooro-weatherAppUITests" */ = {
			isa = XCConfigurationList;
			buildConfigurations = (
				F57985252D10366C00D2EC95 /* Debug */,
				F57985262D10366C00D2EC95 /* Release */,
			);
			defaultConfigurationIsVisible = 0;
			defaultConfigurationName = Release;
		};
/* End XCConfigurationList section */

/* Begin XCRemoteSwiftPackageReference section */
		F5C5DFAA2D424B07007D335A /* XCRemoteSwiftPackageReference "SwiftyMocky" */ = {
			isa = XCRemoteSwiftPackageReference;
			repositoryURL = "https://github.com/MakeAWishFoundation/SwiftyMocky";
			requirement = {
				kind = upToNextMajorVersion;
				minimumVersion = 4.2.0;
			};
		};
/* End XCRemoteSwiftPackageReference section */

/* Begin XCSwiftPackageProductDependency section */
		F5C5DFAB2D424B07007D335A /* SwiftyMocky */ = {
			isa = XCSwiftPackageProductDependency;
			package = F5C5DFAA2D424B07007D335A /* XCRemoteSwiftPackageReference "SwiftyMocky" */;
			productName = SwiftyMocky;
		};
		F5C5DFAD2D424B07007D335A /* SwiftyPrototype */ = {
			isa = XCSwiftPackageProductDependency;
			package = F5C5DFAA2D424B07007D335A /* XCRemoteSwiftPackageReference "SwiftyMocky" */;
			productName = SwiftyPrototype;
		};
		F5C5DFAF2D424B07007D335A /* swiftymocky */ = {
			isa = XCSwiftPackageProductDependency;
			package = F5C5DFAA2D424B07007D335A /* XCRemoteSwiftPackageReference "SwiftyMocky" */;
			productName = swiftymocky;
		};
/* End XCSwiftPackageProductDependency section */
	};
	rootObject = F57984F22D10366A00D2EC95 /* Project object */;
}
